PODS:
  - Alamofire (4.7.2)
  - EasyPeasy (1.7.0)

DEPENDENCIES:
  - Alamofire (~> 4.7)
  - EasyPeasy

SPEC REPOS:
  https://github.com/cocoapods/specs.git:
    - Alamofire
    - EasyPeasy

SPEC CHECKSUMS:
  Alamofire: e4fa87002c137ba2d8d634d2c51fabcda0d5c223
  EasyPeasy: 2f2785ed78c6f9e9045221f2ff317730e7321bff

PODFILE CHECKSUM: b882cbf2c6938afefc9f04cc3c37ac4fa71c38dc

COCOAPODS: 1.5.2
